
Microsoft Visual Studio Solution File, Format Version 12.00
# Visual Studio Version 17
VisualStudioVersion = 17.14.36414.22 d17.14
MinimumVisualStudioVersion = 10.0.40219.1
Project("{FAE04EC0-301F-11D3-BF4B-00C04F79EFBC}") = "Clinica Herramientas 2", "Clinica Herramientas 2.csproj", "{0EB4297C-467E-4425-BDDA-A7534A7E3ED2}"
EndProject
Global
	GlobalSection(SolutionConfigurationPlatforms) = preSolution
		Debug|Any CPU = Debug|Any CPU
		Release|Any CPU = Release|Any CPU
	EndGlobalSection
	GlobalSection(ProjectConfigurationPlatforms) = postSolution
		{0EB4297C-467E-4425-BDDA-A7534A7E3ED2}.Debug|Any CPU.ActiveCfg = Debug|Any CPU
		{0EB4297C-467E-4425-BDDA-A7534A7E3ED2}.Debug|Any CPU.Build.0 = Debug|Any CPU
		{0EB4297C-467E-4425-BDDA-A7534A7E3ED2}.Release|Any CPU.ActiveCfg = Release|Any CPU
		{0EB4297C-467E-4425-BDDA-A7534A7E3ED2}.Release|Any CPU.Build.0 = Release|Any CPU
	EndGlobalSection
	GlobalSection(SolutionProperties) = preSolution
		HideSolutionNode = FALSE
	EndGlobalSection
	GlobalSection(ExtensibilityGlobals) = postSolution
		SolutionGuid = {029080C2-8AB7-4AB2-9454-61C93752A278}
	EndGlobalSection
EndGlobal
